
Microsoft Visual Studio Solution File, Format Version 12.00
# Visual Studio Version 16
VisualStudioVersion = 16.0.30621.155
MinimumVisualStudioVersion = 10.0.40219.1
Project("{FAE04EC0-301F-11D3-BF4B-00C04F79EFBC}") = "AventOfCode2020", "AventOfCode2020\AventOfCode2020.csproj", "{9FB5B1EA-1BDC-4696-AC8B-0D7EE5BDCC9A}"
EndProject
Global
	GlobalSection(SolutionConfigurationPlatforms) = preSolution
		Debug|Any CPU = Debug|Any CPU
		Release|Any CPU = Release|Any CPU
	EndGlobalSection
	GlobalSection(ProjectConfigurationPlatforms) = postSolution
		{9FB5B1EA-1BDC-4696-AC8B-0D7EE5BDCC9A}.Debug|Any CPU.ActiveCfg = Debug|Any CPU
		{9FB5B1EA-1BDC-4696-AC8B-0D7EE5BDCC9A}.Debug|Any CPU.Build.0 = Debug|Any CPU
		{9FB5B1EA-1BDC-4696-AC8B-0D7EE5BDCC9A}.Release|Any CPU.ActiveCfg = Release|Any CPU
		{9FB5B1EA-1BDC-4696-AC8B-0D7EE5BDCC9A}.Release|Any CPU.Build.0 = Release|Any CPU
	EndGlobalSection
	GlobalSection(SolutionProperties) = preSolution
		HideSolutionNode = FALSE
	EndGlobalSection
	GlobalSection(ExtensibilityGlobals) = postSolution
		SolutionGuid = {6C7B89BF-1A47-42CD-A5DA-F142FF00E277}
	EndGlobalSection
EndGlobal
